
Microsoft Visual Studio Solution File, Format Version 12.00
# Visual Studio Version 16
VisualStudioVersion = 16.0.32510.428
MinimumVisualStudioVersion = 10.0.40219.1
Project("{FAE04EC0-301F-11D3-BF4B-00C04F79EFBC}") = "Business", "Business\Business.csproj", "{18F042D5-EFC2-43CA-9BD3-324DB3D177A8}"
EndProject
Project("{FAE04EC0-301F-11D3-BF4B-00C04F79EFBC}") = "Core", "Core\Core.csproj", "{2D005D2E-566A-4423-8A6C-361690047F93}"
EndProject
Project("{FAE04EC0-301F-11D3-BF4B-00C04F79EFBC}") = "DataAccess", "DataAccess\DataAccess.csproj", "{D682626F-0938-459C-A097-80DC1AE1C846}"
EndProject
Project("{FAE04EC0-301F-11D3-BF4B-00C04F79EFBC}") = "Entities", "Entities\Entities.csproj", "{DD5061F5-E162-4BF8-A0FA-821884D20BC5}"
EndProject
Project("{FAE04EC0-301F-11D3-BF4B-00C04F79EFBC}") = "AFS_Project", "AFS_Project\AFS_Project.csproj", "{24AB515E-CB7A-4567-9CE5-3078B9FAA0F0}"
EndProject
Global
	GlobalSection(SolutionConfigurationPlatforms) = preSolution
		Debug|Any CPU = Debug|Any CPU
		Release|Any CPU = Release|Any CPU
	EndGlobalSection
	GlobalSection(ProjectConfigurationPlatforms) = postSolution
		{18F042D5-EFC2-43CA-9BD3-324DB3D177A8}.Debug|Any CPU.ActiveCfg = Debug|Any CPU
		{18F042D5-EFC2-43CA-9BD3-324DB3D177A8}.Debug|Any CPU.Build.0 = Debug|Any CPU
		{18F042D5-EFC2-43CA-9BD3-324DB3D177A8}.Release|Any CPU.ActiveCfg = Release|Any CPU
		{18F042D5-EFC2-43CA-9BD3-324DB3D177A8}.Release|Any CPU.Build.0 = Release|Any CPU
		{2D005D2E-566A-4423-8A6C-361690047F93}.Debug|Any CPU.ActiveCfg = Debug|Any CPU
		{2D005D2E-566A-4423-8A6C-361690047F93}.Debug|Any CPU.Build.0 = Debug|Any CPU
		{2D005D2E-566A-4423-8A6C-361690047F93}.Release|Any CPU.ActiveCfg = Release|Any CPU
		{2D005D2E-566A-4423-8A6C-361690047F93}.Release|Any CPU.Build.0 = Release|Any CPU
		{D682626F-0938-459C-A097-80DC1AE1C846}.Debug|Any CPU.ActiveCfg = Debug|Any CPU
		{D682626F-0938-459C-A097-80DC1AE1C846}.Debug|Any CPU.Build.0 = Debug|Any CPU
		{D682626F-0938-459C-A097-80DC1AE1C846}.Release|Any CPU.ActiveCfg = Release|Any CPU
		{D682626F-0938-459C-A097-80DC1AE1C846}.Release|Any CPU.Build.0 = Release|Any CPU
		{DD5061F5-E162-4BF8-A0FA-821884D20BC5}.Debug|Any CPU.ActiveCfg = Debug|Any CPU
		{DD5061F5-E162-4BF8-A0FA-821884D20BC5}.Debug|Any CPU.Build.0 = Debug|Any CPU
		{DD5061F5-E162-4BF8-A0FA-821884D20BC5}.Release|Any CPU.ActiveCfg = Release|Any CPU
		{DD5061F5-E162-4BF8-A0FA-821884D20BC5}.Release|Any CPU.Build.0 = Release|Any CPU
		{24AB515E-CB7A-4567-9CE5-3078B9FAA0F0}.Debug|Any CPU.ActiveCfg = Debug|Any CPU
		{24AB515E-CB7A-4567-9CE5-3078B9FAA0F0}.Debug|Any CPU.Build.0 = Debug|Any CPU
		{24AB515E-CB7A-4567-9CE5-3078B9FAA0F0}.Release|Any CPU.ActiveCfg = Release|Any CPU
		{24AB515E-CB7A-4567-9CE5-3078B9FAA0F0}.Release|Any CPU.Build.0 = Release|Any CPU
	EndGlobalSection
	GlobalSection(SolutionProperties) = preSolution
		HideSolutionNode = FALSE
	EndGlobalSection
	GlobalSection(ExtensibilityGlobals) = postSolution
		SolutionGuid = {E17842E8-A5C5-4900-9FB9-32759F90859E}
	EndGlobalSection
EndGlobal
